PODS:
  - FBSnapshotTestCase (2.0.7):
    - FBSnapshotTestCase/SwiftSupport (= 2.0.7)
  - FBSnapshotTestCase/Core (2.0.7)
  - FBSnapshotTestCase/SwiftSupport (2.0.7):
    - FBSnapshotTestCase/Core
  - Nimble (3.0.0)
  - Nimble-Snapshots (3.0.0):
    - FBSnapshotTestCase (~> 2.0.7)
    - Nimble
    - Quick
  - Quick (0.3.1)
  - VisualAnchors (0.1.0)

DEPENDENCIES:
  - FBSnapshotTestCase
  - Nimble
  - Nimble-Snapshots
  - Quick (~> 0.3.1)
  - VisualAnchors (from `../`)

EXTERNAL SOURCES:
  VisualAnchors:
    :path: "../"

SPEC CHECKSUMS:
  FBSnapshotTestCase: 7e85180d0d141a0cf472352edda7e80d7eaeb547
  Nimble: 4c353d43735b38b545cbb4cb91504588eb5de926
  Nimble-Snapshots: ab41dd737dcd33a0b0cb005a30465fef70b7207a
  Quick: 824572d3d198d51e52cf4aa722cebf7e59952a35
  VisualAnchors: f234ef09c054d4627e4c4342f4ed6a8bdbc64959

COCOAPODS: 0.39.0
